
Microsoft Visual Studio Solution File, Format Version 12.00
# Visual Studio Version 17
VisualStudioVersion = 17.0.32014.148
MinimumVisualStudioVersion = 10.0.40219.1
Project("{FAE04EC0-301F-11D3-BF4B-00C04F79EFBC}") = "Work_1", "Work_1\Work_1.csproj", "{C62E7E2D-5B66-436C-B905-EAB608AE464B}"
EndProject
Project("{FAE04EC0-301F-11D3-BF4B-00C04F79EFBC}") = "Work_2", "Work_2\Work_2.csproj", "{73126B73-4BDE-4817-9A2A-1DE4190B5E8A}"
EndProject
Global
	GlobalSection(SolutionConfigurationPlatforms) = preSolution
		Debug|Any CPU = Debug|Any CPU
		Release|Any CPU = Release|Any CPU
	EndGlobalSection
	GlobalSection(ProjectConfigurationPlatforms) = postSolution
		{C62E7E2D-5B66-436C-B905-EAB608AE464B}.Debug|Any CPU.ActiveCfg = Debug|Any CPU
		{C62E7E2D-5B66-436C-B905-EAB608AE464B}.Debug|Any CPU.Build.0 = Debug|Any CPU
		{C62E7E2D-5B66-436C-B905-EAB608AE464B}.Release|Any CPU.ActiveCfg = Release|Any CPU
		{C62E7E2D-5B66-436C-B905-EAB608AE464B}.Release|Any CPU.Build.0 = Release|Any CPU
		{73126B73-4BDE-4817-9A2A-1DE4190B5E8A}.Debug|Any CPU.ActiveCfg = Debug|Any CPU
		{73126B73-4BDE-4817-9A2A-1DE4190B5E8A}.Debug|Any CPU.Build.0 = Debug|Any CPU
		{73126B73-4BDE-4817-9A2A-1DE4190B5E8A}.Release|Any CPU.ActiveCfg = Release|Any CPU
		{73126B73-4BDE-4817-9A2A-1DE4190B5E8A}.Release|Any CPU.Build.0 = Release|Any CPU
	EndGlobalSection
	GlobalSection(SolutionProperties) = preSolution
		HideSolutionNode = FALSE
	EndGlobalSection
	GlobalSection(ExtensibilityGlobals) = postSolution
		SolutionGuid = {7DEA8397-AE77-4213-80A9-C2FBA1E80B45}
	EndGlobalSection
EndGlobal
