
Microsoft Visual Studio Solution File, Format Version 12.00
# Visual Studio Version 17
VisualStudioVersion = 17.1.32328.378
MinimumVisualStudioVersion = 10.0.40219.1
Project("{FAE04EC0-301F-11D3-BF4B-00C04F79EFBC}") = "Program", "Program\Program.csproj", "{BD65C593-FAE2-47ED-B99A-EEB91B29F4CC}"
EndProject
Global
	GlobalSection(SolutionConfigurationPlatforms) = preSolution
		Debug|Any CPU = Debug|Any CPU
		Release|Any CPU = Release|Any CPU
	EndGlobalSection
	GlobalSection(ProjectConfigurationPlatforms) = postSolution
		{BD65C593-FAE2-47ED-B99A-EEB91B29F4CC}.Debug|Any CPU.ActiveCfg = Debug|Any CPU
		{BD65C593-FAE2-47ED-B99A-EEB91B29F4CC}.Debug|Any CPU.Build.0 = Debug|Any CPU
		{BD65C593-FAE2-47ED-B99A-EEB91B29F4CC}.Release|Any CPU.ActiveCfg = Release|Any CPU
		{BD65C593-FAE2-47ED-B99A-EEB91B29F4CC}.Release|Any CPU.Build.0 = Release|Any CPU
	EndGlobalSection
	GlobalSection(SolutionProperties) = preSolution
		HideSolutionNode = FALSE
	EndGlobalSection
	GlobalSection(ExtensibilityGlobals) = postSolution
		SolutionGuid = {2E9FBD7E-F902-4605-B27C-22431AD0A9E9}
	EndGlobalSection
EndGlobal
