
Microsoft Visual Studio Solution File, Format Version 12.00
# Visual Studio Version 17
VisualStudioVersion = 17.0.32002.185
MinimumVisualStudioVersion = 10.0.40219.1
Project("{FAE04EC0-301F-11D3-BF4B-00C04F79EFBC}") = "HomeWC_2", "HomeWC_2\HomeWC_2.csproj", "{C2E65E4C-3A40-4F3F-9D8E-B62FF3A8A220}"
EndProject
Global
	GlobalSection(SolutionConfigurationPlatforms) = preSolution
		Debug|Any CPU = Debug|Any CPU
		Release|Any CPU = Release|Any CPU
	EndGlobalSection
	GlobalSection(ProjectConfigurationPlatforms) = postSolution
		{C2E65E4C-3A40-4F3F-9D8E-B62FF3A8A220}.Debug|Any CPU.ActiveCfg = Debug|Any CPU
		{C2E65E4C-3A40-4F3F-9D8E-B62FF3A8A220}.Debug|Any CPU.Build.0 = Debug|Any CPU
		{C2E65E4C-3A40-4F3F-9D8E-B62FF3A8A220}.Release|Any CPU.ActiveCfg = Release|Any CPU
		{C2E65E4C-3A40-4F3F-9D8E-B62FF3A8A220}.Release|Any CPU.Build.0 = Release|Any CPU
	EndGlobalSection
	GlobalSection(SolutionProperties) = preSolution
		HideSolutionNode = FALSE
	EndGlobalSection
	GlobalSection(ExtensibilityGlobals) = postSolution
		SolutionGuid = {0FA78225-11BC-48E4-9628-CA859995BABD}
	EndGlobalSection
EndGlobal
